# This file is automatically @generated by Cargo.
# It is not intended for manual editing.
[[package]]
name = "alloc_system"
version = "0.0.0"
dependencies = [
 "compiler_builtins",
 "core",
 "libc",
]

[[package]]
name = "compiler_builtins"
version = "0.1.36"
source = "registry+https://github.com/rust-lang/crates.io-index"
checksum = "7cd0782e0a7da7598164153173e5a5d4d9b1da094473c98dce0ff91406112369"

[[package]]
name = "core"
version = "0.0.0"

[[package]]
name = "libc"
version = "0.2.80"
source = "registry+https://github.com/rust-lang/crates.io-index"
checksum = "4d58d1b70b004888f764dfbf6a26a3b0342a1632d33968e4a179d8011c760614"
dependencies = [
 "rustc-std-workspace-core",
]

[[package]]
name = "rustc-std-workspace-core"
version = "1.0.0"
source = "registry+https://github.com/rust-lang/crates.io-index"
checksum = "1956f5517128a2b6f23ab2dadf1a976f4f5b27962e7724c2bf3d45e539ec098c"
